
Microsoft Visual Studio Solution File, Format Version 12.00
# Visual Studio Version 17
VisualStudioVersion = 17.4.33213.308
MinimumVisualStudioVersion = 10.0.40219.1
Project("{FAE04EC0-301F-11D3-BF4B-00C04F79EFBC}") = "thinger.MTHProject", "thinger.MTHProject\thinger.MTHProject.csproj", "{3A42F032-AC94-4BFA-ADB3-3B79F76C276F}"
EndProject
Project("{FAE04EC0-301F-11D3-BF4B-00C04F79EFBC}") = "thinger.MTHConttrolLib", "thinger.MTHConttrolLib\thinger.MTHConttrolLib.csproj", "{376F5B70-4D97-4F36-BECA-3BEDBB0955BE}"
EndProject
Project("{FAE04EC0-301F-11D3-BF4B-00C04F79EFBC}") = "thinger.MTHModels", "thinger.MTHModels\thinger.MTHModels.csproj", "{F59FD048-2B1B-4F35-9809-EF09C8C53EE0}"
EndProject
Global
	GlobalSection(SolutionConfigurationPlatforms) = preSolution
		Debug|Any CPU = Debug|Any CPU
		Release|Any CPU = Release|Any CPU
	EndGlobalSection
	GlobalSection(ProjectConfigurationPlatforms) = postSolution
		{3A42F032-AC94-4BFA-ADB3-3B79F76C276F}.Debug|Any CPU.ActiveCfg = Debug|Any CPU
		{3A42F032-AC94-4BFA-ADB3-3B79F76C276F}.Debug|Any CPU.Build.0 = Debug|Any CPU
		{3A42F032-AC94-4BFA-ADB3-3B79F76C276F}.Release|Any CPU.ActiveCfg = Release|Any CPU
		{3A42F032-AC94-4BFA-ADB3-3B79F76C276F}.Release|Any CPU.Build.0 = Release|Any CPU
		{376F5B70-4D97-4F36-BECA-3BEDBB0955BE}.Debug|Any CPU.ActiveCfg = Debug|Any CPU
		{376F5B70-4D97-4F36-BECA-3BEDBB0955BE}.Debug|Any CPU.Build.0 = Debug|Any CPU
		{376F5B70-4D97-4F36-BECA-3BEDBB0955BE}.Release|Any CPU.ActiveCfg = Release|Any CPU
		{376F5B70-4D97-4F36-BECA-3BEDBB0955BE}.Release|Any CPU.Build.0 = Release|Any CPU
		{F59FD048-2B1B-4F35-9809-EF09C8C53EE0}.Debug|Any CPU.ActiveCfg = Debug|Any CPU
		{F59FD048-2B1B-4F35-9809-EF09C8C53EE0}.Debug|Any CPU.Build.0 = Debug|Any CPU
		{F59FD048-2B1B-4F35-9809-EF09C8C53EE0}.Release|Any CPU.ActiveCfg = Release|Any CPU
		{F59FD048-2B1B-4F35-9809-EF09C8C53EE0}.Release|Any CPU.Build.0 = Release|Any CPU
	EndGlobalSection
	GlobalSection(SolutionProperties) = preSolution
		HideSolutionNode = FALSE
	EndGlobalSection
	GlobalSection(ExtensibilityGlobals) = postSolution
		SolutionGuid = {7A1C5AEA-E2EF-4615-B33B-CBF4EB21203D}
	EndGlobalSection
EndGlobal
